
Microsoft Visual Studio Solution File, Format Version 12.00
# Visual Studio 15
Project("{FAE04EC0-301F-11D3-BF4B-00C04F79EFBC}") = "my1", "my1\my1.csproj", "{C25A100C-C549-4CBB-B383-D6C3110B3D0B}"
EndProject
Global
	GlobalSection(SolutionConfigurationPlatforms) = preSolution
		Debug|Any CPU = Debug|Any CPU
		Release|Any CPU = Release|Any CPU
	EndGlobalSection
	GlobalSection(ProjectConfigurationPlatforms) = postSolution
		{C25A100C-C549-4CBB-B383-D6C3110B3D0B}.Debug|Any CPU.ActiveCfg = Debug|Any CPU
		{C25A100C-C549-4CBB-B383-D6C3110B3D0B}.Debug|Any CPU.Build.0 = Debug|Any CPU
		{C25A100C-C549-4CBB-B383-D6C3110B3D0B}.Release|Any CPU.ActiveCfg = Release|Any CPU
		{C25A100C-C549-4CBB-B383-D6C3110B3D0B}.Release|Any CPU.Build.0 = Release|Any CPU
	EndGlobalSection
EndGlobal
